
Microsoft Visual Studio Solution File, Format Version 12.00
# Visual Studio Version 17
VisualStudioVersion = 17.5.33530.505
MinimumVisualStudioVersion = 10.0.40219.1
Project("{FAE04EC0-301F-11D3-BF4B-00C04F79EFBC}") = "NexGamer.Web", "NexGamer.Web\NexGamer.Web.csproj", "{2D42C500-F7F4-443B-8F65-E009F9CA5059}"
EndProject
Global
	GlobalSection(SolutionConfigurationPlatforms) = preSolution
		Debug|Any CPU = Debug|Any CPU
		Release|Any CPU = Release|Any CPU
	EndGlobalSection
	GlobalSection(ProjectConfigurationPlatforms) = postSolution
		{2D42C500-F7F4-443B-8F65-E009F9CA5059}.Debug|Any CPU.ActiveCfg = Debug|Any CPU
		{2D42C500-F7F4-443B-8F65-E009F9CA5059}.Debug|Any CPU.Build.0 = Debug|Any CPU
		{2D42C500-F7F4-443B-8F65-E009F9CA5059}.Release|Any CPU.ActiveCfg = Release|Any CPU
		{2D42C500-F7F4-443B-8F65-E009F9CA5059}.Release|Any CPU.Build.0 = Release|Any CPU
	EndGlobalSection
	GlobalSection(SolutionProperties) = preSolution
		HideSolutionNode = FALSE
	EndGlobalSection
	GlobalSection(ExtensibilityGlobals) = postSolution
		SolutionGuid = {D4635655-FFC0-444B-99EF-9A6E80D272C7}
	EndGlobalSection
EndGlobal
